
Microsoft Visual Studio Solution File, Format Version 12.00
# Visual Studio 15
VisualStudioVersion = 15.0.28307.902
MinimumVisualStudioVersion = 10.0.40219.1
Project("{9A19103F-16F7-4668-BE54-9A1E7A4F7556}") = "Dfe.Spi.Common.Models", "Dfe.Spi.Common.Models\Dfe.Spi.Common.Models.csproj", "{019ED414-696A-4B9B-A127-201540248845}"
EndProject
Project("{9A19103F-16F7-4668-BE54-9A1E7A4F7556}") = "Dfe.Spi.Common.UnitTesting", "Dfe.Spi.Common.UnitTesting\Dfe.Spi.Common.UnitTesting.csproj", "{64CA4C56-530B-487A-A090-DBE758D2D7E5}"
EndProject
Project("{2150E333-8FDC-42A3-9474-1A3956D46DE8}") = "Build", "Build", "{A7329C41-FA69-408C-81AF-71BF990C0357}"
	ProjectSection(SolutionItems) = preProject
		..\..\pipelines\Dfe.Spi.Common.Caching.yml = ..\..\pipelines\Dfe.Spi.Common.Caching.yml
		..\..\pipelines\Dfe.Spi.Common.Context.yml = ..\..\pipelines\Dfe.Spi.Common.Context.yml
		..\..\pipelines\Dfe.Spi.Common.Extensions.yml = ..\..\pipelines\Dfe.Spi.Common.Extensions.yml
		..\..\pipelines\Dfe.Spi.Common.Http.Client.yml = ..\..\pipelines\Dfe.Spi.Common.Http.Client.yml
		..\..\pipelines\Dfe.Spi.Common.Http.Server.yml = ..\..\pipelines\Dfe.Spi.Common.Http.Server.yml
		..\..\pipelines\Dfe.Spi.Common.Http.yml = ..\..\pipelines\Dfe.Spi.Common.Http.yml
		..\..\pipelines\Dfe.Spi.Common.Logging.yml = ..\..\pipelines\Dfe.Spi.Common.Logging.yml
		..\..\pipelines\Dfe.Spi.Common.Models.yml = ..\..\pipelines\Dfe.Spi.Common.Models.yml
		..\..\pipelines\Dfe.Spi.Common.SharedAzure.yml = ..\..\pipelines\Dfe.Spi.Common.SharedAzure.yml
		..\..\pipelines\Dfe.Spi.Common.UnitTesting.yml = ..\..\pipelines\Dfe.Spi.Common.UnitTesting.yml
		..\..\pipelines\Dfe.Spi.Common.WellKnownIdentifiers.yml = ..\..\pipelines\Dfe.Spi.Common.WellKnownIdentifiers.yml
		..\..\pipelines\Dfe.Spi.Models.Extensions.yml = ..\..\pipelines\Dfe.Spi.Models.Extensions.yml
	EndProjectSection
EndProject
Project("{9A19103F-16F7-4668-BE54-9A1E7A4F7556}") = "Dfe.Spi.Common.Logging", "Dfe.Spi.Common.Logging\Dfe.Spi.Common.Logging.csproj", "{404F1450-E9CF-4537-98B4-72C0C36C656B}"
EndProject
Project("{2150E333-8FDC-42A3-9474-1A3956D46DE8}") = "Deploy", "Deploy", "{AC3FB157-5E18-4981-A6A0-80C5CEC8DE96}"
EndProject
Project("{9A19103F-16F7-4668-BE54-9A1E7A4F7556}") = "Dfe.Spi.Common.Http.Server", "Dfe.Spi.Common.Http.Server\Dfe.Spi.Common.Http.Server.csproj", "{2B7B97BF-41CB-4E29-A7E7-2BFB4D8682DE}"
EndProject
Project("{9A19103F-16F7-4668-BE54-9A1E7A4F7556}") = "Dfe.Spi.Common.Http.Client", "Dfe.Spi.Common.Http.Client\Dfe.Spi.Common.Http.Client.csproj", "{95D430E9-5797-43AB-8ADE-8D37E1675DD1}"
EndProject
Project("{9A19103F-16F7-4668-BE54-9A1E7A4F7556}") = "Dfe.Spi.Common.Extensions", "Dfe.Spi.Common.Extensions\Dfe.Spi.Common.Extensions.csproj", "{902D4E1C-02C3-4C3E-9431-FA3BF1769973}"
EndProject
Project("{2150E333-8FDC-42A3-9474-1A3956D46DE8}") = "Tests", "Tests", "{C9511493-D969-4AC8-A1B4-304C6388AFF9}"
EndProject
Project("{9A19103F-16F7-4668-BE54-9A1E7A4F7556}") = "Dfe.Spi.Common.Http.Server.UnitTests", "Dfe.Spi.Common.Http.Server.UnitTests\Dfe.Spi.Common.Http.Server.UnitTests.csproj", "{7A15DC06-2CCF-4CF4-BBD3-56C33B6D3C08}"
EndProject
Project("{9A19103F-16F7-4668-BE54-9A1E7A4F7556}") = "Dfe.Spi.Common.Caching", "Dfe.Spi.Common.Caching\Dfe.Spi.Common.Caching.csproj", "{3EBDB958-65AA-4873-AB64-62EC5AC214B3}"
EndProject
Project("{9A19103F-16F7-4668-BE54-9A1E7A4F7556}") = "Dfe.Spi.Common.WellKnownIdentifiers", "Dfe.Spi.Common.WellKnownIdentifiers\Dfe.Spi.Common.WellKnownIdentifiers.csproj", "{F1DDA9F0-F43D-4BE8-B6D2-99DCC563ACF0}"
EndProject
Project("{9A19103F-16F7-4668-BE54-9A1E7A4F7556}") = "Dfe.Spi.Common.Context", "Dfe.Spi.Common.Context\Dfe.Spi.Common.Context.csproj", "{54CBD994-D072-4767-BBA5-2EBCBEBC436C}"
EndProject
Project("{9A19103F-16F7-4668-BE54-9A1E7A4F7556}") = "Dfe.Spi.Common.Http", "Dfe.Spi.Common.Http\Dfe.Spi.Common.Http.csproj", "{E50E0E3D-1EA5-4AF8-B9B3-6F1318B67EDF}"
EndProject
Project("{FAE04EC0-301F-11D3-BF4B-00C04F79EFBC}") = "Dfe.Spi.Common.Extensions.UnitTests", "Dfe.Spi.Common.Extensions.UnitTests\Dfe.Spi.Common.Extensions.UnitTests.csproj", "{DA52A4C7-248E-44F5-8272-AE5342D19823}"
EndProject
Project("{FAE04EC0-301F-11D3-BF4B-00C04F79EFBC}") = "Dfe.Spi.Models.Extensions", "Dfe.Spi.Models.Extensions\Dfe.Spi.Models.Extensions.csproj", "{DC093CF8-3ABE-4401-90DA-CFEB3E9A292B}"
EndProject
Global
	GlobalSection(SolutionConfigurationPlatforms) = preSolution
		Debug|Any CPU = Debug|Any CPU
		Release|Any CPU = Release|Any CPU
	EndGlobalSection
	GlobalSection(ProjectConfigurationPlatforms) = postSolution
		{019ED414-696A-4B9B-A127-201540248845}.Debug|Any CPU.ActiveCfg = Debug|Any CPU
		{019ED414-696A-4B9B-A127-201540248845}.Debug|Any CPU.Build.0 = Debug|Any CPU
		{019ED414-696A-4B9B-A127-201540248845}.Release|Any CPU.ActiveCfg = Release|Any CPU
		{019ED414-696A-4B9B-A127-201540248845}.Release|Any CPU.Build.0 = Release|Any CPU
		{64CA4C56-530B-487A-A090-DBE758D2D7E5}.Debug|Any CPU.ActiveCfg = Debug|Any CPU
		{64CA4C56-530B-487A-A090-DBE758D2D7E5}.Debug|Any CPU.Build.0 = Debug|Any CPU
		{64CA4C56-530B-487A-A090-DBE758D2D7E5}.Release|Any CPU.ActiveCfg = Release|Any CPU
		{64CA4C56-530B-487A-A090-DBE758D2D7E5}.Release|Any CPU.Build.0 = Release|Any CPU
		{404F1450-E9CF-4537-98B4-72C0C36C656B}.Debug|Any CPU.ActiveCfg = Debug|Any CPU
		{404F1450-E9CF-4537-98B4-72C0C36C656B}.Debug|Any CPU.Build.0 = Debug|Any CPU
		{404F1450-E9CF-4537-98B4-72C0C36C656B}.Release|Any CPU.ActiveCfg = Release|Any CPU
		{404F1450-E9CF-4537-98B4-72C0C36C656B}.Release|Any CPU.Build.0 = Release|Any CPU
		{2B7B97BF-41CB-4E29-A7E7-2BFB4D8682DE}.Debug|Any CPU.ActiveCfg = Debug|Any CPU
		{2B7B97BF-41CB-4E29-A7E7-2BFB4D8682DE}.Debug|Any CPU.Build.0 = Debug|Any CPU
		{2B7B97BF-41CB-4E29-A7E7-2BFB4D8682DE}.Release|Any CPU.ActiveCfg = Release|Any CPU
		{2B7B97BF-41CB-4E29-A7E7-2BFB4D8682DE}.Release|Any CPU.Build.0 = Release|Any CPU
		{95D430E9-5797-43AB-8ADE-8D37E1675DD1}.Debug|Any CPU.ActiveCfg = Debug|Any CPU
		{95D430E9-5797-43AB-8ADE-8D37E1675DD1}.Debug|Any CPU.Build.0 = Debug|Any CPU
		{95D430E9-5797-43AB-8ADE-8D37E1675DD1}.Release|Any CPU.ActiveCfg = Release|Any CPU
		{95D430E9-5797-43AB-8ADE-8D37E1675DD1}.Release|Any CPU.Build.0 = Release|Any CPU
		{902D4E1C-02C3-4C3E-9431-FA3BF1769973}.Debug|Any CPU.ActiveCfg = Debug|Any CPU
		{902D4E1C-02C3-4C3E-9431-FA3BF1769973}.Debug|Any CPU.Build.0 = Debug|Any CPU
		{902D4E1C-02C3-4C3E-9431-FA3BF1769973}.Release|Any CPU.ActiveCfg = Release|Any CPU
		{902D4E1C-02C3-4C3E-9431-FA3BF1769973}.Release|Any CPU.Build.0 = Release|Any CPU
		{7A15DC06-2CCF-4CF4-BBD3-56C33B6D3C08}.Debug|Any CPU.ActiveCfg = Debug|Any CPU
		{7A15DC06-2CCF-4CF4-BBD3-56C33B6D3C08}.Debug|Any CPU.Build.0 = Debug|Any CPU
		{7A15DC06-2CCF-4CF4-BBD3-56C33B6D3C08}.Release|Any CPU.ActiveCfg = Release|Any CPU
		{7A15DC06-2CCF-4CF4-BBD3-56C33B6D3C08}.Release|Any CPU.Build.0 = Release|Any CPU
		{3EBDB958-65AA-4873-AB64-62EC5AC214B3}.Debug|Any CPU.ActiveCfg = Debug|Any CPU
		{3EBDB958-65AA-4873-AB64-62EC5AC214B3}.Debug|Any CPU.Build.0 = Debug|Any CPU
		{3EBDB958-65AA-4873-AB64-62EC5AC214B3}.Release|Any CPU.ActiveCfg = Release|Any CPU
		{3EBDB958-65AA-4873-AB64-62EC5AC214B3}.Release|Any CPU.Build.0 = Release|Any CPU
		{F1DDA9F0-F43D-4BE8-B6D2-99DCC563ACF0}.Debug|Any CPU.ActiveCfg = Debug|Any CPU
		{F1DDA9F0-F43D-4BE8-B6D2-99DCC563ACF0}.Debug|Any CPU.Build.0 = Debug|Any CPU
		{F1DDA9F0-F43D-4BE8-B6D2-99DCC563ACF0}.Release|Any CPU.ActiveCfg = Release|Any CPU
		{F1DDA9F0-F43D-4BE8-B6D2-99DCC563ACF0}.Release|Any CPU.Build.0 = Release|Any CPU
		{54CBD994-D072-4767-BBA5-2EBCBEBC436C}.Debug|Any CPU.ActiveCfg = Debug|Any CPU
		{54CBD994-D072-4767-BBA5-2EBCBEBC436C}.Debug|Any CPU.Build.0 = Debug|Any CPU
		{54CBD994-D072-4767-BBA5-2EBCBEBC436C}.Release|Any CPU.ActiveCfg = Release|Any CPU
		{54CBD994-D072-4767-BBA5-2EBCBEBC436C}.Release|Any CPU.Build.0 = Release|Any CPU
		{E50E0E3D-1EA5-4AF8-B9B3-6F1318B67EDF}.Debug|Any CPU.ActiveCfg = Debug|Any CPU
		{E50E0E3D-1EA5-4AF8-B9B3-6F1318B67EDF}.Debug|Any CPU.Build.0 = Debug|Any CPU
		{E50E0E3D-1EA5-4AF8-B9B3-6F1318B67EDF}.Release|Any CPU.ActiveCfg = Release|Any CPU
		{E50E0E3D-1EA5-4AF8-B9B3-6F1318B67EDF}.Release|Any CPU.Build.0 = Release|Any CPU
		{DA52A4C7-248E-44F5-8272-AE5342D19823}.Debug|Any CPU.ActiveCfg = Debug|Any CPU
		{DA52A4C7-248E-44F5-8272-AE5342D19823}.Debug|Any CPU.Build.0 = Debug|Any CPU
		{DA52A4C7-248E-44F5-8272-AE5342D19823}.Release|Any CPU.ActiveCfg = Release|Any CPU
		{DA52A4C7-248E-44F5-8272-AE5342D19823}.Release|Any CPU.Build.0 = Release|Any CPU
		{DC093CF8-3ABE-4401-90DA-CFEB3E9A292B}.Debug|Any CPU.ActiveCfg = Debug|Any CPU
		{DC093CF8-3ABE-4401-90DA-CFEB3E9A292B}.Debug|Any CPU.Build.0 = Debug|Any CPU
		{DC093CF8-3ABE-4401-90DA-CFEB3E9A292B}.Release|Any CPU.ActiveCfg = Release|Any CPU
		{DC093CF8-3ABE-4401-90DA-CFEB3E9A292B}.Release|Any CPU.Build.0 = Release|Any CPU
	EndGlobalSection
	GlobalSection(SolutionProperties) = preSolution
		HideSolutionNode = FALSE
	EndGlobalSection
	GlobalSection(NestedProjects) = preSolution
		{A7329C41-FA69-408C-81AF-71BF990C0357} = {AC3FB157-5E18-4981-A6A0-80C5CEC8DE96}
		{7A15DC06-2CCF-4CF4-BBD3-56C33B6D3C08} = {C9511493-D969-4AC8-A1B4-304C6388AFF9}
		{DA52A4C7-248E-44F5-8272-AE5342D19823} = {C9511493-D969-4AC8-A1B4-304C6388AFF9}
	EndGlobalSection
	GlobalSection(ExtensibilityGlobals) = postSolution
		SolutionGuid = {10CC36FA-B89F-4CEF-874E-3E16C654B7CA}
	EndGlobalSection
EndGlobal
