
Microsoft Visual Studio Solution File, Format Version 12.00
# Visual Studio 15
VisualStudioVersion = 15.0.28307.902
MinimumVisualStudioVersion = 10.0.40219.1
Project("{FAE04EC0-301F-11D3-BF4B-00C04F79EFBC}") = "Dfe.Spi.Common.Models", "Dfe.Spi.Common.Models\Dfe.Spi.Common.Models.csproj", "{019ED414-696A-4B9B-A127-201540248845}"
EndProject
Global
	GlobalSection(SolutionConfigurationPlatforms) = preSolution
		Debug|Any CPU = Debug|Any CPU
		Release|Any CPU = Release|Any CPU
	EndGlobalSection
	GlobalSection(ProjectConfigurationPlatforms) = postSolution
		{019ED414-696A-4B9B-A127-201540248845}.Debug|Any CPU.ActiveCfg = Debug|Any CPU
		{019ED414-696A-4B9B-A127-201540248845}.Debug|Any CPU.Build.0 = Debug|Any CPU
		{019ED414-696A-4B9B-A127-201540248845}.Release|Any CPU.ActiveCfg = Release|Any CPU
		{019ED414-696A-4B9B-A127-201540248845}.Release|Any CPU.Build.0 = Release|Any CPU
	EndGlobalSection
	GlobalSection(SolutionProperties) = preSolution
		HideSolutionNode = FALSE
	EndGlobalSection
	GlobalSection(ExtensibilityGlobals) = postSolution
		SolutionGuid = {10CC36FA-B89F-4CEF-874E-3E16C654B7CA}
	EndGlobalSection
EndGlobal
